
Microsoft Visual Studio Solution File, Format Version 12.00
# Visual Studio Version 17
VisualStudioVersion = 17.1.32210.238
MinimumVisualStudioVersion = 10.0.40219.1
Project("{2150E333-8FDC-42A3-9474-1A3956D46DE8}") = "Services", "Services", "{36425B8F-4F2C-4CDD-AF61-DDC8139CB9C3}"
EndProject
Project("{2150E333-8FDC-42A3-9474-1A3956D46DE8}") = "Catalog", "Catalog", "{9BBA19DB-6DBE-434B-B08D-99E58F1000D0}"
EndProject
Project("{9A19103F-16F7-4668-BE54-9A1E7A4F7556}") = "FreeCourse.Services.Catalog", "Services\Catalog\FreeCourse.Services.Catalog\FreeCourse.Services.Catalog.csproj", "{AF726D7D-9C3A-4D97-A935-DCA54A241C4F}"
EndProject
Project("{2150E333-8FDC-42A3-9474-1A3956D46DE8}") = "Solution Items", "Solution Items", "{C3642759-2C38-486D-9710-5DBF4FB38F6C}"
	ProjectSection(SolutionItems) = preProject
		Ports,.txt = Ports,.txt
	EndProjectSection
EndProject
Project("{2150E333-8FDC-42A3-9474-1A3956D46DE8}") = "Shared", "Shared", "{6D0314B7-07F5-4E36-A990-907DCEFE1CD3}"
EndProject
Project("{9A19103F-16F7-4668-BE54-9A1E7A4F7556}") = "FreeCourse.Shared", "Shared\FreeCourse.Shared\FreeCourse.Shared.csproj", "{1F14A745-52F7-4803-8ECF-2FA6F5035892}"
EndProject
Project("{2150E333-8FDC-42A3-9474-1A3956D46DE8}") = "IdentityServer", "IdentityServer", "{C0E3B8BF-ADD4-4ADF-A9DD-991D3C5EC38F}"
EndProject
Project("{9A19103F-16F7-4668-BE54-9A1E7A4F7556}") = "FreeCourse.IdentityServer", "IdentityServer\FreeCourse.IdentityServer\FreeCourse.IdentityServer.csproj", "{3C994808-6F2C-4A8D-B9E0-9DB46D34C7A9}"
EndProject
Project("{2150E333-8FDC-42A3-9474-1A3956D46DE8}") = "PhotoStock", "PhotoStock", "{CC202628-A5D9-465E-B3F5-E11B44B8D718}"
EndProject
Project("{9A19103F-16F7-4668-BE54-9A1E7A4F7556}") = "FreeCourse.Services.PhotoStock", "Services\PhotoStock\FreeCourse.Services.PhotoStock\FreeCourse.Services.PhotoStock.csproj", "{A04073A8-118E-405E-B397-3E52E22C657E}"
EndProject
Project("{2150E333-8FDC-42A3-9474-1A3956D46DE8}") = "Basket", "Basket", "{7A3573BA-6CC6-4173-871F-B3E35258AE6B}"
EndProject
Project("{9A19103F-16F7-4668-BE54-9A1E7A4F7556}") = "FreeCourse.Services.Basket", "Services\Basket\FreeCourse.Services.Basket\FreeCourse.Services.Basket.csproj", "{DD3352DB-F609-41FA-B8BF-A5F0DDF932CA}"
EndProject
Project("{2150E333-8FDC-42A3-9474-1A3956D46DE8}") = "Discount", "Discount", "{5E47951C-C764-403B-A087-D74B285DFDFD}"
EndProject
Project("{9A19103F-16F7-4668-BE54-9A1E7A4F7556}") = "FreeCourse.Services.Discount", "Services\Discount\FreeCourse.Services.Discount\FreeCourse.Services.Discount.csproj", "{0BD426F3-22D6-428C-B9C5-A0694D870F6C}"
EndProject
Project("{2150E333-8FDC-42A3-9474-1A3956D46DE8}") = "Order", "Order", "{7E54EB31-ECE0-4D70-871F-15A26D79A440}"
EndProject
Project("{9A19103F-16F7-4668-BE54-9A1E7A4F7556}") = "FreeCourse.Services.Order.API", "Services\Order\FreeCourse.Services.Order.API\FreeCourse.Services.Order.API.csproj", "{865503D7-67AB-47F6-BDBF-FEFB3E05D82A}"
EndProject
Project("{9A19103F-16F7-4668-BE54-9A1E7A4F7556}") = "FreeCourse.Services.Order.Application", "Services\Order\FreeCourse.Services.Order.Application\FreeCourse.Services.Order.Application.csproj", "{584A8302-111A-4B62-8550-70004CC3DEAA}"
EndProject
Project("{9A19103F-16F7-4668-BE54-9A1E7A4F7556}") = "FreeCourse.Services.Order.Domain", "Services\Order\FreeCourse.Services.Order.Domain\FreeCourse.Services.Order.Domain.csproj", "{F5E4FC76-61B8-4393-B54B-49C8403B7E64}"
EndProject
Project("{9A19103F-16F7-4668-BE54-9A1E7A4F7556}") = "FreeCourse.Services.Order.Domain.Core", "Services\Order\FreeCourse.Services.Order.Domain.Core\FreeCourse.Services.Order.Domain.Core.csproj", "{78D6C9CD-4666-407F-9D10-799E075EB7BF}"
EndProject
Project("{9A19103F-16F7-4668-BE54-9A1E7A4F7556}") = "FreeCourse.Services.Order.Infrastructure", "Services\Order\FreeCourse.Services.Order.Infrastructure\FreeCourse.Services.Order.Infrastructure.csproj", "{1EFD403E-FC01-4C30-A092-81BBB7F5032A}"
EndProject
Project("{2150E333-8FDC-42A3-9474-1A3956D46DE8}") = "FakePayment", "FakePayment", "{3D5209A0-0924-4926-90D7-9B85DDC8244D}"
EndProject
Project("{FAE04EC0-301F-11D3-BF4B-00C04F79EFBC}") = "FreeCourse.Services.FakePayment", "Services\FakePayment\FreeCourse.Services.FakePayment\FreeCourse.Services.FakePayment.csproj", "{E7D6CEE9-BD65-40A9-85C2-ED4CF431ABDE}"
EndProject
Project("{2150E333-8FDC-42A3-9474-1A3956D46DE8}") = "Gateways", "Gateways", "{44850B4A-8AD2-411B-9ED4-A960CA651F33}"
EndProject
Project("{FAE04EC0-301F-11D3-BF4B-00C04F79EFBC}") = "FreeCourse.Gateway", "Gateways\FreeCourse.Gateway\FreeCourse.Gateway.csproj", "{47BF94CC-9B50-414E-882B-725120F838F7}"
EndProject
Global
	GlobalSection(SolutionConfigurationPlatforms) = preSolution
		Debug|Any CPU = Debug|Any CPU
		Release|Any CPU = Release|Any CPU
	EndGlobalSection
	GlobalSection(ProjectConfigurationPlatforms) = postSolution
		{AF726D7D-9C3A-4D97-A935-DCA54A241C4F}.Debug|Any CPU.ActiveCfg = Debug|Any CPU
		{AF726D7D-9C3A-4D97-A935-DCA54A241C4F}.Debug|Any CPU.Build.0 = Debug|Any CPU
		{AF726D7D-9C3A-4D97-A935-DCA54A241C4F}.Release|Any CPU.ActiveCfg = Release|Any CPU
		{AF726D7D-9C3A-4D97-A935-DCA54A241C4F}.Release|Any CPU.Build.0 = Release|Any CPU
		{1F14A745-52F7-4803-8ECF-2FA6F5035892}.Debug|Any CPU.ActiveCfg = Debug|Any CPU
		{1F14A745-52F7-4803-8ECF-2FA6F5035892}.Debug|Any CPU.Build.0 = Debug|Any CPU
		{1F14A745-52F7-4803-8ECF-2FA6F5035892}.Release|Any CPU.ActiveCfg = Release|Any CPU
		{1F14A745-52F7-4803-8ECF-2FA6F5035892}.Release|Any CPU.Build.0 = Release|Any CPU
		{3C994808-6F2C-4A8D-B9E0-9DB46D34C7A9}.Debug|Any CPU.ActiveCfg = Debug|Any CPU
		{3C994808-6F2C-4A8D-B9E0-9DB46D34C7A9}.Debug|Any CPU.Build.0 = Debug|Any CPU
		{3C994808-6F2C-4A8D-B9E0-9DB46D34C7A9}.Release|Any CPU.ActiveCfg = Release|Any CPU
		{3C994808-6F2C-4A8D-B9E0-9DB46D34C7A9}.Release|Any CPU.Build.0 = Release|Any CPU
		{A04073A8-118E-405E-B397-3E52E22C657E}.Debug|Any CPU.ActiveCfg = Debug|Any CPU
		{A04073A8-118E-405E-B397-3E52E22C657E}.Debug|Any CPU.Build.0 = Debug|Any CPU
		{A04073A8-118E-405E-B397-3E52E22C657E}.Release|Any CPU.ActiveCfg = Release|Any CPU
		{A04073A8-118E-405E-B397-3E52E22C657E}.Release|Any CPU.Build.0 = Release|Any CPU
		{DD3352DB-F609-41FA-B8BF-A5F0DDF932CA}.Debug|Any CPU.ActiveCfg = Debug|Any CPU
		{DD3352DB-F609-41FA-B8BF-A5F0DDF932CA}.Debug|Any CPU.Build.0 = Debug|Any CPU
		{DD3352DB-F609-41FA-B8BF-A5F0DDF932CA}.Release|Any CPU.ActiveCfg = Release|Any CPU
		{DD3352DB-F609-41FA-B8BF-A5F0DDF932CA}.Release|Any CPU.Build.0 = Release|Any CPU
		{0BD426F3-22D6-428C-B9C5-A0694D870F6C}.Debug|Any CPU.ActiveCfg = Debug|Any CPU
		{0BD426F3-22D6-428C-B9C5-A0694D870F6C}.Debug|Any CPU.Build.0 = Debug|Any CPU
		{0BD426F3-22D6-428C-B9C5-A0694D870F6C}.Release|Any CPU.ActiveCfg = Release|Any CPU
		{0BD426F3-22D6-428C-B9C5-A0694D870F6C}.Release|Any CPU.Build.0 = Release|Any CPU
		{865503D7-67AB-47F6-BDBF-FEFB3E05D82A}.Debug|Any CPU.ActiveCfg = Debug|Any CPU
		{865503D7-67AB-47F6-BDBF-FEFB3E05D82A}.Debug|Any CPU.Build.0 = Debug|Any CPU
		{865503D7-67AB-47F6-BDBF-FEFB3E05D82A}.Release|Any CPU.ActiveCfg = Release|Any CPU
		{865503D7-67AB-47F6-BDBF-FEFB3E05D82A}.Release|Any CPU.Build.0 = Release|Any CPU
		{584A8302-111A-4B62-8550-70004CC3DEAA}.Debug|Any CPU.ActiveCfg = Debug|Any CPU
		{584A8302-111A-4B62-8550-70004CC3DEAA}.Debug|Any CPU.Build.0 = Debug|Any CPU
		{584A8302-111A-4B62-8550-70004CC3DEAA}.Release|Any CPU.ActiveCfg = Release|Any CPU
		{584A8302-111A-4B62-8550-70004CC3DEAA}.Release|Any CPU.Build.0 = Release|Any CPU
		{F5E4FC76-61B8-4393-B54B-49C8403B7E64}.Debug|Any CPU.ActiveCfg = Debug|Any CPU
		{F5E4FC76-61B8-4393-B54B-49C8403B7E64}.Debug|Any CPU.Build.0 = Debug|Any CPU
		{F5E4FC76-61B8-4393-B54B-49C8403B7E64}.Release|Any CPU.ActiveCfg = Release|Any CPU
		{F5E4FC76-61B8-4393-B54B-49C8403B7E64}.Release|Any CPU.Build.0 = Release|Any CPU
		{78D6C9CD-4666-407F-9D10-799E075EB7BF}.Debug|Any CPU.ActiveCfg = Debug|Any CPU
		{78D6C9CD-4666-407F-9D10-799E075EB7BF}.Debug|Any CPU.Build.0 = Debug|Any CPU
		{78D6C9CD-4666-407F-9D10-799E075EB7BF}.Release|Any CPU.ActiveCfg = Release|Any CPU
		{78D6C9CD-4666-407F-9D10-799E075EB7BF}.Release|Any CPU.Build.0 = Release|Any CPU
		{1EFD403E-FC01-4C30-A092-81BBB7F5032A}.Debug|Any CPU.ActiveCfg = Debug|Any CPU
		{1EFD403E-FC01-4C30-A092-81BBB7F5032A}.Debug|Any CPU.Build.0 = Debug|Any CPU
		{1EFD403E-FC01-4C30-A092-81BBB7F5032A}.Release|Any CPU.ActiveCfg = Release|Any CPU
		{1EFD403E-FC01-4C30-A092-81BBB7F5032A}.Release|Any CPU.Build.0 = Release|Any CPU
		{E7D6CEE9-BD65-40A9-85C2-ED4CF431ABDE}.Debug|Any CPU.ActiveCfg = Debug|Any CPU
		{E7D6CEE9-BD65-40A9-85C2-ED4CF431ABDE}.Debug|Any CPU.Build.0 = Debug|Any CPU
		{E7D6CEE9-BD65-40A9-85C2-ED4CF431ABDE}.Release|Any CPU.ActiveCfg = Release|Any CPU
		{E7D6CEE9-BD65-40A9-85C2-ED4CF431ABDE}.Release|Any CPU.Build.0 = Release|Any CPU
		{47BF94CC-9B50-414E-882B-725120F838F7}.Debug|Any CPU.ActiveCfg = Debug|Any CPU
		{47BF94CC-9B50-414E-882B-725120F838F7}.Debug|Any CPU.Build.0 = Debug|Any CPU
		{47BF94CC-9B50-414E-882B-725120F838F7}.Release|Any CPU.ActiveCfg = Release|Any CPU
		{47BF94CC-9B50-414E-882B-725120F838F7}.Release|Any CPU.Build.0 = Release|Any CPU
	EndGlobalSection
	GlobalSection(SolutionProperties) = preSolution
		HideSolutionNode = FALSE
	EndGlobalSection
	GlobalSection(NestedProjects) = preSolution
		{9BBA19DB-6DBE-434B-B08D-99E58F1000D0} = {36425B8F-4F2C-4CDD-AF61-DDC8139CB9C3}
		{AF726D7D-9C3A-4D97-A935-DCA54A241C4F} = {9BBA19DB-6DBE-434B-B08D-99E58F1000D0}
		{6D0314B7-07F5-4E36-A990-907DCEFE1CD3} = {36425B8F-4F2C-4CDD-AF61-DDC8139CB9C3}
		{1F14A745-52F7-4803-8ECF-2FA6F5035892} = {6D0314B7-07F5-4E36-A990-907DCEFE1CD3}
		{3C994808-6F2C-4A8D-B9E0-9DB46D34C7A9} = {C0E3B8BF-ADD4-4ADF-A9DD-991D3C5EC38F}
		{CC202628-A5D9-465E-B3F5-E11B44B8D718} = {36425B8F-4F2C-4CDD-AF61-DDC8139CB9C3}
		{A04073A8-118E-405E-B397-3E52E22C657E} = {CC202628-A5D9-465E-B3F5-E11B44B8D718}
		{7A3573BA-6CC6-4173-871F-B3E35258AE6B} = {36425B8F-4F2C-4CDD-AF61-DDC8139CB9C3}
		{DD3352DB-F609-41FA-B8BF-A5F0DDF932CA} = {7A3573BA-6CC6-4173-871F-B3E35258AE6B}
		{5E47951C-C764-403B-A087-D74B285DFDFD} = {36425B8F-4F2C-4CDD-AF61-DDC8139CB9C3}
		{0BD426F3-22D6-428C-B9C5-A0694D870F6C} = {5E47951C-C764-403B-A087-D74B285DFDFD}
		{7E54EB31-ECE0-4D70-871F-15A26D79A440} = {36425B8F-4F2C-4CDD-AF61-DDC8139CB9C3}
		{865503D7-67AB-47F6-BDBF-FEFB3E05D82A} = {7E54EB31-ECE0-4D70-871F-15A26D79A440}
		{584A8302-111A-4B62-8550-70004CC3DEAA} = {7E54EB31-ECE0-4D70-871F-15A26D79A440}
		{F5E4FC76-61B8-4393-B54B-49C8403B7E64} = {7E54EB31-ECE0-4D70-871F-15A26D79A440}
		{78D6C9CD-4666-407F-9D10-799E075EB7BF} = {7E54EB31-ECE0-4D70-871F-15A26D79A440}
		{1EFD403E-FC01-4C30-A092-81BBB7F5032A} = {7E54EB31-ECE0-4D70-871F-15A26D79A440}
		{3D5209A0-0924-4926-90D7-9B85DDC8244D} = {36425B8F-4F2C-4CDD-AF61-DDC8139CB9C3}
		{E7D6CEE9-BD65-40A9-85C2-ED4CF431ABDE} = {3D5209A0-0924-4926-90D7-9B85DDC8244D}
		{47BF94CC-9B50-414E-882B-725120F838F7} = {44850B4A-8AD2-411B-9ED4-A960CA651F33}
	EndGlobalSection
	GlobalSection(ExtensibilityGlobals) = postSolution
		SolutionGuid = {26C9D97B-116C-4221-9665-C51915F0F59D}
	EndGlobalSection
EndGlobal
